
Microsoft Visual Studio Solution File, Format Version 12.00
# Visual Studio Version 16
VisualStudioVersion = 16.0.31515.178
MinimumVisualStudioVersion = 10.0.40219.1
Project("{FAE04EC0-301F-11D3-BF4B-00C04F79EFBC}") = "ValueType", "ValueType\ValueType.csproj", "{BB471D78-0B58-4F33-9E4E-C30A06CE9445}"
EndProject
Global
	GlobalSection(SolutionConfigurationPlatforms) = preSolution
		Debug|Any CPU = Debug|Any CPU
		Release|Any CPU = Release|Any CPU
	EndGlobalSection
	GlobalSection(ProjectConfigurationPlatforms) = postSolution
		{BB471D78-0B58-4F33-9E4E-C30A06CE9445}.Debug|Any CPU.ActiveCfg = Debug|Any CPU
		{BB471D78-0B58-4F33-9E4E-C30A06CE9445}.Debug|Any CPU.Build.0 = Debug|Any CPU
		{BB471D78-0B58-4F33-9E4E-C30A06CE9445}.Release|Any CPU.ActiveCfg = Release|Any CPU
		{BB471D78-0B58-4F33-9E4E-C30A06CE9445}.Release|Any CPU.Build.0 = Release|Any CPU
	EndGlobalSection
	GlobalSection(SolutionProperties) = preSolution
		HideSolutionNode = FALSE
	EndGlobalSection
	GlobalSection(ExtensibilityGlobals) = postSolution
		SolutionGuid = {8209E8F6-22BB-4B3F-867F-395A10212582}
	EndGlobalSection
EndGlobal
