
Microsoft Visual Studio Solution File, Format Version 12.00
# Visual Studio Version 16
VisualStudioVersion = 16.0.31515.178
MinimumVisualStudioVersion = 10.0.40219.1
Project("{FAE04EC0-301F-11D3-BF4B-00C04F79EFBC}") = "School", "School\School.csproj", "{DE3F38F8-D732-4406-A73A-11FD8D5F4627}"
EndProject
Global
	GlobalSection(SolutionConfigurationPlatforms) = preSolution
		Debug|Any CPU = Debug|Any CPU
		Release|Any CPU = Release|Any CPU
	EndGlobalSection
	GlobalSection(ProjectConfigurationPlatforms) = postSolution
		{DE3F38F8-D732-4406-A73A-11FD8D5F4627}.Debug|Any CPU.ActiveCfg = Debug|Any CPU
		{DE3F38F8-D732-4406-A73A-11FD8D5F4627}.Debug|Any CPU.Build.0 = Debug|Any CPU
		{DE3F38F8-D732-4406-A73A-11FD8D5F4627}.Release|Any CPU.ActiveCfg = Release|Any CPU
		{DE3F38F8-D732-4406-A73A-11FD8D5F4627}.Release|Any CPU.Build.0 = Release|Any CPU
	EndGlobalSection
	GlobalSection(SolutionProperties) = preSolution
		HideSolutionNode = FALSE
	EndGlobalSection
	GlobalSection(ExtensibilityGlobals) = postSolution
		SolutionGuid = {8384AA4A-8610-4A53-89D9-5035B2409191}
	EndGlobalSection
EndGlobal
