
Microsoft Visual Studio Solution File, Format Version 12.00
# Visual Studio Version 16
VisualStudioVersion = 16.0.31515.178
MinimumVisualStudioVersion = 10.0.40219.1
Project("{FAE04EC0-301F-11D3-BF4B-00C04F79EFBC}") = "School", "School\School.csproj", "{2569568E-EE82-4234-A9E8-48AF8DE99D47}"
EndProject
Global
	GlobalSection(SolutionConfigurationPlatforms) = preSolution
		Debug|Any CPU = Debug|Any CPU
		Release|Any CPU = Release|Any CPU
	EndGlobalSection
	GlobalSection(ProjectConfigurationPlatforms) = postSolution
		{2569568E-EE82-4234-A9E8-48AF8DE99D47}.Debug|Any CPU.ActiveCfg = Debug|Any CPU
		{2569568E-EE82-4234-A9E8-48AF8DE99D47}.Debug|Any CPU.Build.0 = Debug|Any CPU
		{2569568E-EE82-4234-A9E8-48AF8DE99D47}.Release|Any CPU.ActiveCfg = Release|Any CPU
		{2569568E-EE82-4234-A9E8-48AF8DE99D47}.Release|Any CPU.Build.0 = Release|Any CPU
	EndGlobalSection
	GlobalSection(SolutionProperties) = preSolution
		HideSolutionNode = FALSE
	EndGlobalSection
	GlobalSection(ExtensibilityGlobals) = postSolution
		SolutionGuid = {2FAFC1FD-CA85-4D3D-A606-54DB0BE8CCF6}
	EndGlobalSection
EndGlobal
