
Microsoft Visual Studio Solution File, Format Version 12.00
# Visual Studio Version 16
VisualStudioVersion = 16.0.31515.178
MinimumVisualStudioVersion = 10.0.40219.1
Project("{FAE04EC0-301F-11D3-BF4B-00C04F79EFBC}") = "AnonTypes", "AnonTypes\AnonTypes.csproj", "{E39AF6F5-7020-4BE4-8FB3-BC9B288C12E4}"
EndProject
Global
	GlobalSection(SolutionConfigurationPlatforms) = preSolution
		Debug|Any CPU = Debug|Any CPU
		Release|Any CPU = Release|Any CPU
	EndGlobalSection
	GlobalSection(ProjectConfigurationPlatforms) = postSolution
		{E39AF6F5-7020-4BE4-8FB3-BC9B288C12E4}.Debug|Any CPU.ActiveCfg = Debug|Any CPU
		{E39AF6F5-7020-4BE4-8FB3-BC9B288C12E4}.Debug|Any CPU.Build.0 = Debug|Any CPU
		{E39AF6F5-7020-4BE4-8FB3-BC9B288C12E4}.Release|Any CPU.ActiveCfg = Release|Any CPU
		{E39AF6F5-7020-4BE4-8FB3-BC9B288C12E4}.Release|Any CPU.Build.0 = Release|Any CPU
	EndGlobalSection
	GlobalSection(SolutionProperties) = preSolution
		HideSolutionNode = FALSE
	EndGlobalSection
	GlobalSection(ExtensibilityGlobals) = postSolution
		SolutionGuid = {38137207-83EB-4F7B-AE0D-B927C0256607}
	EndGlobalSection
EndGlobal
